
Microsoft Visual Studio Solution File, Format Version 12.00
# Visual Studio Version 17
VisualStudioVersion = 17.4.33213.308
MinimumVisualStudioVersion = 10.0.40219.1
Project("{9A19103F-16F7-4668-BE54-9A1E7A4F7556}") = "UML2", "UML2.csproj", "{EE97C753-1A05-4125-BA97-3FED5182DA95}"
EndProject
Global
	GlobalSection(SolutionConfigurationPlatforms) = preSolution
		Debug|Any CPU = Debug|Any CPU
		Release|Any CPU = Release|Any CPU
	EndGlobalSection
	GlobalSection(ProjectConfigurationPlatforms) = postSolution
		{EE97C753-1A05-4125-BA97-3FED5182DA95}.Debug|Any CPU.ActiveCfg = Debug|Any CPU
		{EE97C753-1A05-4125-BA97-3FED5182DA95}.Debug|Any CPU.Build.0 = Debug|Any CPU
		{EE97C753-1A05-4125-BA97-3FED5182DA95}.Release|Any CPU.ActiveCfg = Release|Any CPU
		{EE97C753-1A05-4125-BA97-3FED5182DA95}.Release|Any CPU.Build.0 = Release|Any CPU
	EndGlobalSection
	GlobalSection(SolutionProperties) = preSolution
		HideSolutionNode = FALSE
	EndGlobalSection
	GlobalSection(ExtensibilityGlobals) = postSolution
		SolutionGuid = {74257AD5-E9FE-43CB-99EC-B502CA7CD6CF}
	EndGlobalSection
EndGlobal
